Microsoft Visual Studio Solution File, Format Version 12.00
# Visual Studio 2012
Project("{FAE04EC0-301F-11D3-BF4B-00C04F79EFBC}") = "TheZerosHero", "TheZerosHero.csproj", "{4AFD2F65-4803-4D2B-A05F-6063BB202C5C}"
EndProject
Global
	GlobalSection(SolutionConfigurationPlatforms) = preSolution
	Debug|Any CPU = Debug|Any CPU
	ExportDebug|Any CPU = ExportDebug|Any CPU
	ExportRelease|Any CPU = ExportRelease|Any CPU
	EndGlobalSection
	GlobalSection(ProjectConfigurationPlatforms) = postSolution
		{4AFD2F65-4803-4D2B-A05F-6063BB202C5C}.Debug|Any CPU.ActiveCfg = Debug|Any CPU
		{4AFD2F65-4803-4D2B-A05F-6063BB202C5C}.Debug|Any CPU.Build.0 = Debug|Any CPU
		{4AFD2F65-4803-4D2B-A05F-6063BB202C5C}.ExportDebug|Any CPU.ActiveCfg = ExportDebug|Any CPU
		{4AFD2F65-4803-4D2B-A05F-6063BB202C5C}.ExportDebug|Any CPU.Build.0 = ExportDebug|Any CPU
		{4AFD2F65-4803-4D2B-A05F-6063BB202C5C}.ExportRelease|Any CPU.ActiveCfg = ExportRelease|Any CPU
		{4AFD2F65-4803-4D2B-A05F-6063BB202C5C}.ExportRelease|Any CPU.Build.0 = ExportRelease|Any CPU
	EndGlobalSection
EndGlobal
